
Microsoft Visual Studio Solution File, Format Version 12.00
# Visual Studio Version 17
VisualStudioVersion = 17.2.32526.322
MinimumVisualStudioVersion = 10.0.40219.1
Project("{FAE04EC0-301F-11D3-BF4B-00C04F79EFBC}") = "GA_AbstractClass_Hafsa", "GA_AbstractClass_Hafsa.csproj", "{38C7D156-6024-46E2-BC28-52FEA5775619}"
EndProject
Global
	GlobalSection(SolutionConfigurationPlatforms) = preSolution
		Debug|Any CPU = Debug|Any CPU
		Release|Any CPU = Release|Any CPU
	EndGlobalSection
	GlobalSection(ProjectConfigurationPlatforms) = postSolution
		{38C7D156-6024-46E2-BC28-52FEA5775619}.Debug|Any CPU.ActiveCfg = Debug|Any CPU
		{38C7D156-6024-46E2-BC28-52FEA5775619}.Debug|Any CPU.Build.0 = Debug|Any CPU
		{38C7D156-6024-46E2-BC28-52FEA5775619}.Release|Any CPU.ActiveCfg = Release|Any CPU
		{38C7D156-6024-46E2-BC28-52FEA5775619}.Release|Any CPU.Build.0 = Release|Any CPU
	EndGlobalSection
	GlobalSection(SolutionProperties) = preSolution
		HideSolutionNode = FALSE
	EndGlobalSection
	GlobalSection(ExtensibilityGlobals) = postSolution
		SolutionGuid = {6948EF90-F823-4D62-A2B1-5D2910F652AA}
	EndGlobalSection
EndGlobal
